// !$*UTF8*$!
{
	archiveVersion = 1;
	classes = {
	};
	objectVersion = 50;
	objects = {

/* Begin PBXBuildFile section */
		4A8E0C5D22929B8D00F28889 /* AppDelegate.swift in Sources */ = {isa = PBXBuildFile; fileRef = 4A8E0C5C22929B8D00F28889 /* AppDelegate.swift */; };
		4A8E0C5F22929B8D00F28889 /* ViewController.swift in Sources */ = {isa = PBXBuildFile; fileRef = 4A8E0C5E22929B8D00F28889 /* ViewController.swift */; };
		4A8E0C6222929B8D00F28889 /* Main.storyboard in Resources */ = {isa = PBXBuildFile; fileRef = 4A8E0C6022929B8D00F28889 /* Main.storyboard */; };
		4A8E0C6422929B9500F28889 /* Assets.xcassets in Resources */ = {isa = PBXBuildFile; fileRef = 4A8E0C6322929B9500F28889 /* Assets.xcassets */; };
		4A8E0C6722929B9500F28889 /* LaunchScreen.storyboard in Resources */ = {isa = PBXBuildFile; fileRef = 4A8E0C6522929B9500F28889 /* LaunchScreen.storyboard */; };
		4A8E0C712292AD6D00F28889 /* APIManager.swift in Sources */ = {isa = PBXBuildFile; fileRef = 4A8E0C702292AD6D00F28889 /* APIManager.swift */; };
/* End PBXBuildFile section */

/* Begin PBXFileReference section */
		4A8E0C5922929B8D00F28889 /* WebCallCommonClass.app */ = {isa = PBXFileReference; explicitFileType = wrapper.application; includeInIndex = 0; path = WebCallCommonClass.app; sourceTree = BUILT_PRODUCTS_DIR; };
		4A8E0C5C22929B8D00F28889 /* AppDelegate.swift */ = {isa = PBXFileReference; lastKnownFileType = sourcecode.swift; path = AppDelegate.swift; sourceTree = "<group>"; };
		4A8E0C5E22929B8D00F28889 /* ViewController.swift */ = {isa = PBXFileReference; lastKnownFileType = sourcecode.swift; path = ViewController.swift; sourceTree = "<group>"; };
		4A8E0C6122929B8D00F28889 /* Base */ = {isa = PBXFileReference; lastKnownFileType = file.storyboard; name = Base; path = Base.lproj/Main.storyboard; sourceTree = "<group>"; };
		4A8E0C6322929B9500F28889 /* Assets.xcassets */ = {isa = PBXFileReference; lastKnownFileType = folder.assetcatalog; path = Assets.xcassets; sourceTree = "<group>"; };
		4A8E0C6622929B9500F28889 /* Base */ = {isa = PBXFileReference; lastKnownFileType = file.storyboard; name = Base; path = Base.lproj/LaunchScreen.storyboard; sourceTree = "<group>"; };
		4A8E0C6822929B9500F28889 /* Info.plist */ = {isa = PBXFileReference; lastKnownFileType = text.plist.xml; path = Info.plist; sourceTree = "<group>"; };
		4A8E0C702292AD6D00F28889 /* APIManager.swift */ = {isa = PBXFileReference; lastKnownFileType = sourcecode.swift; path = APIManager.swift; sourceTree = "<group>"; };
/* End PBXFileReference section */

/* Begin PBXFrameworksBuildPhase section */
		4A8E0C5622929B8D00F28889 /* Frameworks */ = {
			isa = PBXFrameworksBuildPhase;
			buildActionMask = 2147483647;
			files = (
			);
			runOnlyForDeploymentPostprocessing = 0;
		};
/* End PBXFrameworksBuildPhase section */

/* Begin PBXGroup section */
		4A8E0C5022929B8D00F28889 = {
			isa = PBXGroup;
			children = (
				4A8E0C5B22929B8D00F28889 /* WebCallCommonClass */,
				4A8E0C5A22929B8D00F28889 /* Products */,
			);
			sourceTree = "<group>";
		};
		4A8E0C5A22929B8D00F28889 /* Products */ = {
			isa = PBXGroup;
			children = (
				4A8E0C5922929B8D00F28889 /* WebCallCommonClass.app */,
			);
			name = Products;
			sourceTree = "<group>";
		};
		4A8E0C5B22929B8D00F28889 /* WebCallCommonClass */ = {
			isa = PBXGroup;
			children = (
				4A8E0C5C22929B8D00F28889 /* AppDelegate.swift */,
				4A8E0C5E22929B8D00F28889 /* ViewController.swift */,
				4A8E0C702292AD6D00F28889 /* APIManager.swift */,
				4A8E0C6022929B8D00F28889 /* Main.storyboard */,
				4A8E0C6322929B9500F28889 /* Assets.xcassets */,
				4A8E0C6522929B9500F28889 /* LaunchScreen.storyboard */,
				4A8E0C6822929B9500F28889 /* Info.plist */,
			);
			path = WebCallCommonClass;
			sourceTree = "<group>";
		};
/* End PBXGroup section */

/* Begin PBXNativeTarget section */
		4A8E0C5822929B8D00F28889 /* WebCallCommonClass */ = {
			isa = PBXNativeTarget;
			buildConfigurationList = 4A8E0C6B22929B9500F28889 /* Build configuration list for PBXNativeTarget "WebCallCommonClass" */;
			buildPhases = (
				4A8E0C5522929B8D00F28889 /* Sources */,
				4A8E0C5622929B8D00F28889 /* Frameworks */,
				4A8E0C5722929B8D00F28889 /* Resources */,
			);
			buildRules = (
			);
			dependencies = (
			);
			name = WebCallCommonClass;
			productName = WebCallCommonClass;
			productReference = 4A8E0C5922929B8D00F28889 /* WebCallCommonClass.app */;
			productType = "com.apple.product-type.application";
		};
/* End PBXNativeTarget section */

/* Begin PBXProject section */
		4A8E0C5122929B8D00F28889 /* Project object */ = {
			isa = PBXProject;
			attributes = {
				LastSwiftUpdateCheck = 1010;
				LastUpgradeCheck = 1010;
				ORGANIZATIONNAME = "mac-2";
				TargetAttributes = {
					4A8E0C5822929B8D00F28889 = {
						CreatedOnToolsVersion = 10.1;
					};
				};
			};
			buildConfigurationList = 4A8E0C5422929B8D00F28889 /* Build configuration list for PBXProject "WebCallCommonClass" */;
			compatibilityVersion = "Xcode 9.3";
			developmentRegion = en;
			hasScannedForEncodings = 0;
			knownRegions = (
				en,
				Base,
			);
			mainGroup = 4A8E0C5022929B8D00F28889;
			productRefGroup = 4A8E0C5A22929B8D00F28889 /* Products */;
			projectDirPath = "";
			projectRoot = "";
			targets = (
				4A8E0C5822929B8D00F28889 /* WebCallCommonClass */,
			);
		};
/* End PBXProject section */

/* Begin PBXResourcesBuildPhase section */
		4A8E0C5722929B8D00F28889 /* Resources */ = {
			isa = PBXResourcesBuildPhase;
			buildActionMask = 2147483647;
			files = (
				4A8E0C6722929B9500F28889 /* LaunchScreen.storyboard in Resources */,
				4A8E0C6422929B9500F28889 /* Assets.xcassets in Resources */,
				4A8E0C6222929B8D00F28889 /* Main.storyboard in Resources */,
			);
			runOnlyForDeploymentPostprocessing = 0;
		};
/* End PBXResourcesBuildPhase section */

/* Begin PBXSourcesBuildPhase section */
		4A8E0C5522929B8D00F28889 /* Sources */ = {
			isa = PBXSourcesBuildPhase;
			buildActionMask = 2147483647;
			files = (
				4A8E0C712292AD6D00F28889 /* APIManager.swift in Sources */,
				4A8E0C5F22929B8D00F28889 /* ViewController.swift in Sources */,
				4A8E0C5D22929B8D00F28889 /* AppDelegate.swift in Sources */,
			);
			runOnlyForDeploymentPostprocessing = 0;
		};
/* End PBXSourcesBuildPhase section */

/* Begin PBXVariantGroup section */
		4A8E0C6022929B8D00F28889 /* Main.storyboard */ = {
			isa = PBXVariantGroup;
			children = (
				4A8E0C6122929B8D00F28889 /* Base */,
			);
			name = Main.storyboard;
			sourceTree = "<group>";
		};
		4A8E0C6522929B9500F28889 /* LaunchScreen.storyboard */ = {
			isa = PBXVariantGroup;
			children = (
				4A8E0C6622929B9500F28889 /* Base */,
			);
			name = LaunchScreen.storyboard;
			sourceTree = "<group>";
		};
/* End PBXVariantGroup section */

/* Begin XCBuildConfiguration section */
		4A8E0C6922929B9500F28889 /* Debug */ = {
			isa = XCBuildConfiguration;
			buildSettings = {
				ALWAYS_SEARCH_USER_PATHS = NO;
				CLANG_ANALYZER_NONNULL = YES;
				CLANG_ANALYZER_NUMBER_OBJECT_CONVERSION = YES_AGGRESSIVE;
				CLANG_CXX_LANGUAGE_STANDARD = "gnu++14";
				CLANG_CXX_LIBRARY = "libc++";
				CLANG_ENABLE_MODULES = YES;
				CLANG_ENABLE_OBJC_ARC = YES;
				CLANG_ENABLE_OBJC_WEAK = YES;
				CLANG_WARN_BLOCK_CAPTURE_AUTORELEASING = YES;
				CLANG_WARN_BOOL_CONVERSION = YES;
				CLANG_WARN_COMMA = YES;
				CLANG_WARN_CONSTANT_CONVERSION = YES;
				CLANG_WARN_DEPRECATED_OBJC_IMPLEMENTATIONS = YES;
				CLANG_WARN_DIRECT_OBJC_ISA_USAGE = YES_ERROR;
				CLANG_WARN_DOCUMENTATION_COMMENTS = YES;
				CLANG_WARN_EMPTY_BODY = YES;
				CLANG_WARN_ENUM_CONVERSION = YES;
				CLANG_WARN_INFINITE_RECURSION = YES;
				CLANG_WARN_INT_CONVERSION = YES;
				CLANG_WARN_NON_LITERAL_NULL_CONVERSION = YES;
				CLANG_WARN_OBJC_IMPLICIT_RETAIN_SELF = YES;
				CLANG_WARN_OBJC_LITERAL_CONVERSION = YES;
				CLANG_WARN_OBJC_ROOT_CLASS = YES_ERROR;
				CLANG_WARN_RANGE_LOOP_ANALYSIS = YES;
				CLANG_WARN_STRICT_PROTOTYPES = YES;
				CLANG_WARN_SUSPICIOUS_MOVE = YES;
				CLANG_WARN_UNGUARDED_AVAILABILITY = YES_AGGRESSIVE;
				CLANG_WARN_UNREACHABLE_CODE = YES;
				CLANG_WARN__DUPLICATE_METHOD_MATCH = YES;
				CODE_SIGN_IDENTITY = "iPhone Developer";
				COPY_PHASE_STRIP = NO;
				DEBUG_INFORMATION_FORMAT = dwarf;
				ENABLE_STRICT_OBJC_MSGSEND = YES;
				ENABLE_TESTABILITY = YES;
				GCC_C_LANGUAGE_STANDARD = gnu11;
				GCC_DYNAMIC_NO_PIC = NO;
				GCC_NO_COMMON_BLOCKS = YES;
				GCC_OPTIMIZATION_LEVEL = 0;
				GCC_PREPROCESSOR_DEFINITIONS = (
					"DEBUG=1",
					"$(inherited)",
				);
				GCC_WARN_64_TO_32_BIT_CONVERSION = YES;
				GCC_WARN_ABOUT_RETURN_TYPE = YES_ERROR;
				GCC_WARN_UNDECLARED_SELECTOR = YES;
				GCC_WARN_UNINITIALIZED_AUTOS = YES_AGGRESSIVE;
				GCC_WARN_UNUSED_FUNCTION = YES;
				GCC_WARN_UNUSED_VARIABLE = YES;
				IPHONEOS_DEPLOYMENT_TARGET = 12.1;
				MTL_ENABLE_DEBUG_INFO = INCLUDE_SOURCE;
				MTL_FAST_MATH = YES;
				ONLY_ACTIVE_ARCH = YES;
				SDKROOT = iphoneos;
				SWIFT_ACTIVE_COMPILATION_CONDITIONS = DEBUG;
				SWIFT_OPTIMIZATION_LEVEL = "-Onone";
			};
			name = Debug;
		};
		4A8E0C6A22929B9500F28889 /* Release */ = {
			isa = XCBuildConfiguration;
			buildSettings = {
				ALWAYS_SEARCH_USER_PATHS = NO;
				CLANG_ANALYZER_NONNULL = YES;
				CLANG_ANALYZER_NUMBER_OBJECT_CONVERSION = YES_AGGRESSIVE;
				CLANG_CXX_LANGUAGE_STANDARD = "gnu++14";
				CLANG_CXX_LIBRARY = "libc++";
				CLANG_ENABLE_MODULES = YES;
				CLANG_ENABLE_OBJC_ARC = YES;
				CLANG_ENABLE_OBJC_WEAK = YES;
				CLANG_WARN_BLOCK_CAPTURE_AUTORELEASING = YES;
				CLANG_WARN_BOOL_CONVERSION = YES;
				CLANG_WARN_COMMA = YES;
				CLANG_WARN_CONSTANT_CONVERSION = YES;
				CLANG_WARN_DEPRECATED_OBJC_IMPLEMENTATIONS = YES;
				CLANG_WARN_DIRECT_OBJC_ISA_USAGE = YES_ERROR;
				CLANG_WARN_DOCUMENTATION_COMMENTS = YES;
				CLANG_WARN_EMPTY_BODY = YES;
				CLANG_WARN_ENUM_CONVERSION = YES;
				CLANG_WARN_INFINITE_RECURSION = YES;
				CLANG_WARN_INT_CONVERSION = YES;
				CLANG_WARN_NON_LITERAL_NULL_CONVERSION = YES;
				CLANG_WARN_OBJC_IMPLICIT_RETAIN_SELF = YES;
				CLANG_WARN_OBJC_LITERAL_CONVERSION = YES;
				CLANG_WARN_OBJC_ROOT_CLASS = YES_ERROR;
				CLANG_WARN_RANGE_LOOP_ANALYSIS = YES;
				CLANG_WARN_STRICT_PROTOTYPES = YES;
				CLANG_WARN_SUSPICIOUS_MOVE = YES;
				CLANG_WARN_UNGUARDED_AVAILABILITY = YES_AGGRESSIVE;
				CLANG_WARN_UNREACHABLE_CODE = YES;
				CLANG_WARN__DUPLICATE_METHOD_MATCH = YES;
				CODE_SIGN_IDENTITY = "iPhone Developer";
				COPY_PHASE_STRIP = NO;
				DEBUG_INFORMATION_FORMAT = "dwarf-with-dsym";
				ENABLE_NS_ASSERTIONS = NO;
				ENABLE_STRICT_OBJC_MSGSEND = YES;
				GCC_C_LANGUAGE_STANDARD = gnu11;
				GCC_NO_COMMON_BLOCKS = YES;
				GCC_WARN_64_TO_32_BIT_CONVERSION = YES;
				GCC_WARN_ABOUT_RETURN_TYPE = YES_ERROR;
				GCC_WARN_UNDECLARED_SELECTOR = YES;
				GCC_WARN_UNINITIALIZED_AUTOS = YES_AGGRESSIVE;
				GCC_WARN_UNUSED_FUNCTION = YES;
				GCC_WARN_UNUSED_VARIABLE = YES;
				IPHONEOS_DEPLOYMENT_TARGET = 12.1;
				MTL_ENABLE_DEBUG_INFO = NO;
				MTL_FAST_MATH = YES;
				SDKROOT = iphoneos;
				SWIFT_COMPILATION_MODE = wholemodule;
				SWIFT_OPTIMIZATION_LEVEL = "-O";
				VALIDATE_PRODUCT = YES;
			};
			name = Release;
		};
		4A8E0C6C22929B9500F28889 /* Debug */ = {
			isa = XCBuildConfiguration;
			buildSettings = {
				ASSETCATALOG_COMPILER_APPICON_NAME = AppIcon;
				CODE_SIGN_STYLE = Automatic;
				DEVELOPMENT_TEAM = UL6VW5564Y;
				INFOPLIST_FILE = WebCallCommonClass/Info.plist;
				IPHONEOS_DEPLOYMENT_TARGET = 12.0;
				LD_RUNPATH_SEARCH_PATHS = (
					"$(inherited)",
					"@executable_path/Frameworks",
				);
				PRODUCT_BUNDLE_IDENTIFIER = com.netdroidtech.WebCallCommonClass;
				PRODUCT_NAME = "$(TARGET_NAME)";
				SWIFT_VERSION = 4.2;
				TARGETED_DEVICE_FAMILY = "1,2";
			};
			name = Debug;
		};
		4A8E0C6D22929B9500F28889 /* Release */ = {
			isa = XCBuildConfiguration;
			buildSettings = {
				ASSETCATALOG_COMPILER_APPICON_NAME = AppIcon;
				CODE_SIGN_STYLE = Automatic;
				DEVELOPMENT_TEAM = UL6VW5564Y;
				INFOPLIST_FILE = WebCallCommonClass/Info.plist;
				IPHONEOS_DEPLOYMENT_TARGET = 12.0;
				LD_RUNPATH_SEARCH_PATHS = (
					"$(inherited)",
					"@executable_path/Frameworks",
				);
				PRODUCT_BUNDLE_IDENTIFIER = com.netdroidtech.WebCallCommonClass;
				PRODUCT_NAME = "$(TARGET_NAME)";
				SWIFT_VERSION = 4.2;
				TARGETED_DEVICE_FAMILY = "1,2";
			};
			name = Release;
		};
/* End XCBuildConfiguration section */

/* Begin XCConfigurationList section */
		4A8E0C5422929B8D00F28889 /* Build configuration list for PBXProject "WebCallCommonClass" */ = {
			isa = XCConfigurationList;
			buildConfigurations = (
				4A8E0C6922929B9500F28889 /* Debug */,
				4A8E0C6A22929B9500F28889 /* Release */,
			);
			defaultConfigurationIsVisible = 0;
			defaultConfigurationName = Release;
		};
		4A8E0C6B22929B9500F28889 /* Build configuration list for PBXNativeTarget "WebCallCommonClass" */ = {
			isa = XCConfigurationList;
			buildConfigurations = (
				4A8E0C6C22929B9500F28889 /* Debug */,
				4A8E0C6D22929B9500F28889 /* Release */,
			);
			defaultConfigurationIsVisible = 0;
			defaultConfigurationName = Release;
		};
/* End XCConfigurationList section */
	};
	rootObject = 4A8E0C5122929B8D00F28889 /* Project object */;
}
